
Microsoft Visual Studio Solution File, Format Version 12.00
# Visual Studio Version 16
VisualStudioVersion = 16.0.29709.97
MinimumVisualStudioVersion = 10.0.40219.1
Project("{9A19103F-16F7-4668-BE54-9A1E7A4F7556}") = "mary-and-hyrum", "mary-and-hyrum.csproj", "{F964FDB2-7B40-4BEC-BDF8-39B9910C35F6}"
EndProject
Global
	GlobalSection(SolutionConfigurationPlatforms) = preSolution
		Debug|Any CPU = Debug|Any CPU
		Release|Any CPU = Release|Any CPU
	EndGlobalSection
	GlobalSection(ProjectConfigurationPlatforms) = postSolution
		{F964FDB2-7B40-4BEC-BDF8-39B9910C35F6}.Debug|Any CPU.ActiveCfg = Debug|Any CPU
		{F964FDB2-7B40-4BEC-BDF8-39B9910C35F6}.Debug|Any CPU.Build.0 = Debug|Any CPU
		{F964FDB2-7B40-4BEC-BDF8-39B9910C35F6}.Release|Any CPU.ActiveCfg = Release|Any CPU
		{F964FDB2-7B40-4BEC-BDF8-39B9910C35F6}.Release|Any CPU.Build.0 = Release|Any CPU
	EndGlobalSection
	GlobalSection(SolutionProperties) = preSolution
		HideSolutionNode = FALSE
	EndGlobalSection
	GlobalSection(ExtensibilityGlobals) = postSolution
		SolutionGuid = {3B3441DC-4AEA-4C0C-96A5-45AD75C5676D}
	EndGlobalSection
EndGlobal
